
Microsoft Visual Studio Solution File, Format Version 12.00
# Visual Studio Version 17
VisualStudioVersion = 17.14.36429.23
MinimumVisualStudioVersion = 10.0.40219.1
Project("{FAE04EC0-301F-11D3-BF4B-00C04F79EFBC}") = "Website", "Website\Website.csproj", "{1C7410C0-D1DA-45F1-908D-8946076B97C8}"
EndProject
Global
	GlobalSection(SolutionConfigurationPlatforms) = preSolution
		Debug|Any CPU = Debug|Any CPU
		Release|Any CPU = Release|Any CPU
	EndGlobalSection
	GlobalSection(ProjectConfigurationPlatforms) = postSolution
		{1C7410C0-D1DA-45F1-908D-8946076B97C8}.Debug|Any CPU.ActiveCfg = Debug|Any CPU
		{1C7410C0-D1DA-45F1-908D-8946076B97C8}.Debug|Any CPU.Build.0 = Debug|Any CPU
		{1C7410C0-D1DA-45F1-908D-8946076B97C8}.Release|Any CPU.ActiveCfg = Release|Any CPU
		{1C7410C0-D1DA-45F1-908D-8946076B97C8}.Release|Any CPU.Build.0 = Release|Any CPU
	EndGlobalSection
	GlobalSection(SolutionProperties) = preSolution
		HideSolutionNode = FALSE
	EndGlobalSection
	GlobalSection(ExtensibilityGlobals) = postSolution
		SolutionGuid = {2BC69743-E501-4387-BA1E-F88FEFE4084A}
	EndGlobalSection
EndGlobal
